Microsoft Visual Studio Solution File, Format Version 11.00
# Visual Studio 2008

Project("{4C3DAE37-CEE9-D3C6-A36F-13DA1F501D9B}") = "Balls of Steel", "Assembly-CSharp-firstpass.csproj", "{DB06D8D0-2031-C58C-8127-FC1B09C1AF38}"
EndProject
Project("{4C3DAE37-CEE9-D3C6-A36F-13DA1F501D9B}") = "Balls of Steel", "Assembly-CSharp.csproj", "{256D8D52-D33E-E8D8-B1E1-A567EA3D8007}"
EndProject
Project("{4C3DAE37-CEE9-D3C6-A36F-13DA1F501D9B}") = "Balls of Steel", "Assembly-CSharp-Editor.csproj", "{DE783D33-7D4A-B938-2CB0-D2DC3D2ED4D4}"
EndProject
Global
	GlobalSection(SolutionConfigurationPlatforms) = preSolution
		Debug|Any CPU = Debug|Any CPU
		Release|Any CPU = Release|Any CPU
	EndGlobalSection
	GlobalSection(ProjectConfigurationPlatforms) = postSolution
		{DB06D8D0-2031-C58C-8127-FC1B09C1AF38}.Debug|Any CPU.ActiveCfg = Debug|Any CPU
		{DB06D8D0-2031-C58C-8127-FC1B09C1AF38}.Debug|Any CPU.Build.0 = Debug|Any CPU
		{DB06D8D0-2031-C58C-8127-FC1B09C1AF38}.Release|Any CPU.ActiveCfg = Release|Any CPU
		{DB06D8D0-2031-C58C-8127-FC1B09C1AF38}.Release|Any CPU.Build.0 = Release|Any CPU
		{256D8D52-D33E-E8D8-B1E1-A567EA3D8007}.Debug|Any CPU.ActiveCfg = Debug|Any CPU
		{256D8D52-D33E-E8D8-B1E1-A567EA3D8007}.Debug|Any CPU.Build.0 = Debug|Any CPU
		{256D8D52-D33E-E8D8-B1E1-A567EA3D8007}.Release|Any CPU.ActiveCfg = Release|Any CPU
		{256D8D52-D33E-E8D8-B1E1-A567EA3D8007}.Release|Any CPU.Build.0 = Release|Any CPU
		{DE783D33-7D4A-B938-2CB0-D2DC3D2ED4D4}.Debug|Any CPU.ActiveCfg = Debug|Any CPU
		{DE783D33-7D4A-B938-2CB0-D2DC3D2ED4D4}.Debug|Any CPU.Build.0 = Debug|Any CPU
		{DE783D33-7D4A-B938-2CB0-D2DC3D2ED4D4}.Release|Any CPU.ActiveCfg = Release|Any CPU
		{DE783D33-7D4A-B938-2CB0-D2DC3D2ED4D4}.Release|Any CPU.Build.0 = Release|Any CPU
	EndGlobalSection
	GlobalSection(SolutionProperties) = preSolution
		HideSolutionNode = FALSE
	EndGlobalSection
																						GlobalSection(MonoDevelopProperties) = preSolution
		StartupItem = Assembly-CSharp.csproj
		Policies = $0
		$0.TextStylePolicy = $1
		$1.inheritsSet = null
		$1.scope = text/x-csharp
		$0.CSharpFormattingPolicy = $2
		$2.inheritsSet = Mono
		$2.inheritsScope = text/x-csharp
		$2.scope = text/x-csharp
		$0.TextStylePolicy = $3
		$3.FileWidth = 120
		$3.TabWidth = 4
		$3.IndentWidth = 4
		$3.EolMarker = Unix
		$3.inheritsSet = Mono
		$3.inheritsScope = text/plain
		$3.scope = text/plain
	EndGlobalSection

EndGlobal
